
Microsoft Visual Studio Solution File, Format Version 12.00
# Visual Studio Version 16
VisualStudioVersion = 16.0.29326.143
MinimumVisualStudioVersion = 10.0.40219.1
Project("{FAE04EC0-301F-11D3-BF4B-00C04F79EFBC}") = "AlexaFunction", "AlexaFunction.csproj", "{E869DFF8-CF0C-4DCC-95CD-12A5DD6E64DD}"
EndProject
Global
	GlobalSection(SolutionConfigurationPlatforms) = preSolution
		Debug|Any CPU = Debug|Any CPU
		Release|Any CPU = Release|Any CPU
	EndGlobalSection
	GlobalSection(ProjectConfigurationPlatforms) = postSolution
		{E869DFF8-CF0C-4DCC-95CD-12A5DD6E64DD}.Debug|Any CPU.ActiveCfg = Debug|Any CPU
		{E869DFF8-CF0C-4DCC-95CD-12A5DD6E64DD}.Debug|Any CPU.Build.0 = Debug|Any CPU
		{E869DFF8-CF0C-4DCC-95CD-12A5DD6E64DD}.Release|Any CPU.ActiveCfg = Release|Any CPU
		{E869DFF8-CF0C-4DCC-95CD-12A5DD6E64DD}.Release|Any CPU.Build.0 = Release|Any CPU
	EndGlobalSection
	GlobalSection(SolutionProperties) = preSolution
		HideSolutionNode = FALSE
	EndGlobalSection
	GlobalSection(ExtensibilityGlobals) = postSolution
		SolutionGuid = {68DAE988-A007-4C0B-BB73-B0B5F9748804}
	EndGlobalSection
EndGlobal
